
Microsoft Visual Studio Solution File, Format Version 12.00
# Visual Studio Version 16
VisualStudioVersion = 16.0.30104.148
MinimumVisualStudioVersion = 10.0.40219.1
Project("{FAE04EC0-301F-11D3-BF4B-00C04F79EFBC}") = "matrizes", "matrizes\matrizes.csproj", "{979C69CD-250F-430B-8DA6-A80229742820}"
EndProject
Global
	GlobalSection(SolutionConfigurationPlatforms) = preSolution
		Debug|Any CPU = Debug|Any CPU
		Release|Any CPU = Release|Any CPU
	EndGlobalSection
	GlobalSection(ProjectConfigurationPlatforms) = postSolution
		{979C69CD-250F-430B-8DA6-A80229742820}.Debug|Any CPU.ActiveCfg = Debug|Any CPU
		{979C69CD-250F-430B-8DA6-A80229742820}.Debug|Any CPU.Build.0 = Debug|Any CPU
		{979C69CD-250F-430B-8DA6-A80229742820}.Release|Any CPU.ActiveCfg = Release|Any CPU
		{979C69CD-250F-430B-8DA6-A80229742820}.Release|Any CPU.Build.0 = Release|Any CPU
	EndGlobalSection
	GlobalSection(SolutionProperties) = preSolution
		HideSolutionNode = FALSE
	EndGlobalSection
	GlobalSection(ExtensibilityGlobals) = postSolution
		SolutionGuid = {058B1C8B-1E8F-4DE6-B8A2-7F45014D595B}
	EndGlobalSection
EndGlobal
